# This file is automatically @generated by Cargo.
# It is not intended for manual editing.
version = 3

[[package]]
name = "quicksort"
version = "0.1.0"
dependencies = [
 "sort",
]

[[package]]
name = "sort"
version = "0.8.5"
source = "registry+https://github.com/rust-lang/crates.io-index"
checksum = "79b736394cbcbad245669dc12a0caff9b2570e9ad81ce9906f5d7831551cb0c5"
